
Microsoft Visual Studio Solution File, Format Version 12.00
# Visual Studio Version 16
VisualStudioVersion = 16.0.31729.503
MinimumVisualStudioVersion = 10.0.40219.1
Project("{FAE04EC0-301F-11D3-BF4B-00C04F79EFBC}") = "RestApi", "RestApi\RestApi.csproj", "{123168F2-BF51-4881-ABAF-FA986270193C}"
EndProject
Global
	GlobalSection(SolutionConfigurationPlatforms) = preSolution
		Debug|Any CPU = Debug|Any CPU
		Release|Any CPU = Release|Any CPU
	EndGlobalSection
	GlobalSection(ProjectConfigurationPlatforms) = postSolution
		{123168F2-BF51-4881-ABAF-FA986270193C}.Debug|Any CPU.ActiveCfg = Debug|Any CPU
		{123168F2-BF51-4881-ABAF-FA986270193C}.Debug|Any CPU.Build.0 = Debug|Any CPU
		{123168F2-BF51-4881-ABAF-FA986270193C}.Release|Any CPU.ActiveCfg = Release|Any CPU
		{123168F2-BF51-4881-ABAF-FA986270193C}.Release|Any CPU.Build.0 = Release|Any CPU
	EndGlobalSection
	GlobalSection(SolutionProperties) = preSolution
		HideSolutionNode = FALSE
	EndGlobalSection
	GlobalSection(ExtensibilityGlobals) = postSolution
		SolutionGuid = {27642FEE-C3C3-4416-9169-E94A86378A5F}
	EndGlobalSection
EndGlobal
